version = 1
revision = 3
requires-python = ">=3.12"

[[package]]
name = "altgraph"
version = "0.17.5"
source = { registry = "https://pypi.org/simple" }
sdist = { url = "https://files.pythonhosted.org/packages/7e/f8/97fdf103f38fed6792a1601dbc16cc8aac56e7459a9fff08c812d8ae177a/altgraph-0.17.5.tar.gz", hash = "sha256:c87b395dd12fabde9c99573a9749d67da8d29ef9de0125c7f536699b4a9bc9e7", size = 48428, upload-time = "2025-11-21T20:35:50.583Z" }
wheels = [
    { url = "https://files.pythonhosted.org/packages/a9/ba/000a1996d4308bc65120167c21241a3b205464a2e0b58deda26ae8ac21d1/altgraph-0.17.5-py2.py3-none-any.whl", hash = "sha256:f3a22400bce1b0c701683820ac4f3b159cd301acab067c51c653e06961600597", size = 21228, upload-time = "2025-11-21T20:35:49.444Z" },
]

[[package]]
name = "av"
version = "17.0.1"
source = { registry = "https://pypi.org/simple" }
sdist = { url = "https://files.pythonhosted.org/packages/4e/f0/8c8dca97ae0cf00e8e2a53bb5cb9aca5fd484f585ef3e9b412200aff3ebd/av-17.0.1.tar.gz", hash = "sha256:fbcbd4aa43bca6a8691816283112d1659a27f407bbeb66d1397023691339f5d4", size = 4411938, upload-time = "2026-04-18T17:12:34.29Z" }
wheels = [
    { url = "https://files.pythonhosted.org/packages/4c/82/e7007dcef7bd2d2c377e2e85977701384f42d19fc808c2ccb3a99eaf58f2/av-17.0.1-cp311-abi3-macosx_11_0_x86_64.whl", hash = "sha256:987f4f46ceae4da6c614dcbd2b8149be9dbf680c3bb7a6841c58af9cff4d9230", size = 23238802, upload-time = "2026-04-18T17:11:51.166Z" },
    { url = "https://files.pythonhosted.org/packages/6b/aa/858b09a08ea6f83f91be44b5a5adad13ae8d9ac8b80fda27e73c24bfb160/av-17.0.1-cp311-abi3-macosx_14_0_arm64.whl", hash = "sha256:d97f54e55b18a74912f479c1978aadd1341d38d892dee95bb5c2f2dccfa72f32", size = 18709338, upload-time = "2026-04-18T17:11:53.286Z" },
    { url = "https://files.pythonhosted.org/packages/a8/8b/8de3fd21c4b0b74d44337421abeab0e71462337fb6a28fff888e0c356cbd/av-17.0.1-cp311-abi3-manylinux_2_28_aarch64.whl", hash = "sha256:e6eee84afa48d0e9321047cd3e4facd44b401493f6bdc753e2e1d1e7c9e6d13e", size = 34007351, upload-time = "2026-04-18T17:11:56.116Z" },
    { url = "https://files.pythonhosted.org/packages/02/28/167b291356c2cc315a2d62a95b0ceace72b5b0bf547de30b89313110f032/av-17.0.1-cp311-abi3-manylinux_2_28_x86_64.whl", hash = "sha256:c58c71bffd9383908c85695ac61d3184c668accb04a5bd1b262e0fb8d09f60a5", size = 36345295, upload-time = "2026-04-18T17:11:59.125Z" },
    { url = "https://files.pythonhosted.org/packages/04/fa/aae56f2ff2c204c408641e1120f5ca5ce9c3390cf5362245c6f1158704b5/av-17.0.1-cp311-abi3-musllinux_1_2_aarch64.whl", hash = "sha256:42d6745d30a410ec9b22aef79a52a7ab5a001eb8f5adfd952946606a30983318", size = 35183754, upload-time = "2026-04-18T17:12:01.697Z" },
    { url = "https://files.pythonhosted.org/packages/ba/bd/776046f27093aef80155a204ca7d82a887ae4ee72ba4ef8411b46ea7898c/av-17.0.1-cp311-abi3-musllinux_1_2_x86_64.whl", hash = "sha256:3ed6bcd7021fe55832f95b8ef78dd01a4cb21faf3cd71f1e1bf4f20bf100b278", size = 37430809, upload-time = "2026-04-18T17:12:04.231Z" },
    { url = "https://files.pythonhosted.org/packages/d9/d5/3261bd2c6b7f6c0aa8379fc970d1ecf496330990b992ad28607785074268/av-17.0.1-cp311-abi3-win_amd64.whl", hash = "sha256:9af524e8632a54032e361d6b88895bd3e7c6212ca560de60f5ccc525323c764c", size = 28889649, upload-time = "2026-04-18T17:12:07.04Z" },
    { url = "https://files.pythonhosted.org/packages/98/39/381104e427a0c7231d2ec0d25d538d58fc20fc0458846b95860d3ef8073b/av-17.0.1-cp311-abi3-win_arm64.whl", hash = "sha256:50e58a473d65ea29b645e45c9fd8518a6783737135683ecc40571a91592bdfe4", size = 21918412, upload-time = "2026-04-18T17:12:09.312Z" },
    { url = "https://files.pythonhosted.org/packages/c7/8c/bb1498f031abb6157b30b7fc2379359176953821b6ba59fbd89dbb56f61f/av-17.0.1-cp314-cp314t-macosx_11_0_x86_64.whl", hash = "sha256:1d33871742d1e71562db3c8e752cacc5a62766d7efc3ae408bff1c3e26ebb46e", size = 23484157, upload-time = "2026-04-18T17:12:11.67Z" },
    { url = "https://files.pythonhosted.org/packages/1a/58/dedaef187b797243cd5762722e376c69c5ad95ab23db44127f09afc2cd66/av-17.0.1-cp314-cp314t-macosx_14_0_arm64.whl", hash = "sha256:1229e879f4b6431bc00f69d7f8891fe9a683b0a6e0e009e6c98eb7e449f0383d", size = 18920872, upload-time = "2026-04-18T17:12:14.826Z" },
    { url = "https://files.pythonhosted.org/packages/9b/26/5c550231651d6285e6a5c4f6f4a0e67459bfe2b622a7c9352be8cca8c819/av-17.0.1-cp314-cp314t-manylinux_2_28_aarch64.whl", hash = "sha256:4744837f4116964280bcc72285e3cdd51361e98a696205aadd924203440ef511", size = 37471077, upload-time = "2026-04-18T17:12:17.349Z" },
    { url = "https://files.pythonhosted.org/packages/59/e4/9807b89a9d775c6f015677996c48bce48aaff70b5d95885adf39e59832a2/av-17.0.1-cp314-cp314t-manylinux_2_28_x86_64.whl", hash = "sha256:3d0a7d45d9599bf9df9f8249827113d4f36df1cd6b5356227b997f0552dbc98e", size = 39566981, upload-time = "2026-04-18T17:12:19.942Z" },
    { url = "https://files.pythonhosted.org/packages/5c/72/a22a657abc3de652f5b4f46cbbebdf7cba629752112791b81f05d340991d/av-17.0.1-cp314-cp314t-musllinux_1_2_aarch64.whl", hash = "sha256:9acd0b6a6e02af2b37f63d97a03ee2c47936d58e82425c3cd075a95245937c59", size = 38397369, upload-time = "2026-04-18T17:12:22.909Z" },
    { url = "https://files.pythonhosted.org/packages/ae/b2/f4e83e41c1e3c186f34b7df506779d0cd7e40499e2e19519c7ece148cd20/av-17.0.1-cp314-cp314t-musllinux_1_2_x86_64.whl", hash = "sha256:3d3a36204cb1f1e7691e6446afa8d6b7097b09946dae732c71c5d05ce09e506e", size = 40582445, upload-time = "2026-04-18T17:12:26.285Z" },
    { url = "https://files.pythonhosted.org/packages/c8/59/8676188b72eed09d48ce6cfaf0f22b0bb9f3cfd74d388ee2b7fdf960536d/av-17.0.1-cp314-cp314t-win_amd64.whl", hash = "sha256:b87b98afe971cde123953073bc9c95ab0b7efd2ecc082dd2dbd11f9d9abf190e", size = 29217136, upload-time = "2026-04-18T17:12:29.189Z" },
    { url = "https://files.pythonhosted.org/packages/5f/af/0a6e1d2a845988039f6c197fa7269b5e9abbe17354fb41cc9d75bb260fcb/av-17.0.1-cp314-cp314t-win_arm64.whl", hash = "sha256:a87a42c36e29f75e7dff7281944f2a6876a2c8875e225ccbf6c1ae62748b4caa", size = 22072676, upload-time = "2026-04-18T17:12:31.836Z" },
]

[[package]]
name = "colorama"
version = "0.4.6"
source = { registry = "https://pypi.org/simple" }
sdist = { url = "https://files.pythonhosted.org/packages/d8/53/6f443c9a4a8358a93a6792e2acffb9d9d5cb0a5cfd8802644b7b1c9a02e4/colorama-0.4.6.tar.gz", hash = "sha256:08695f5cb7ed6e0531a20572697297273c47b8cae5a63ffc6d6ed5c201be6e44", size = 27697, upload-time = "2022-10-25T02:36:22.414Z" }
wheels = [
    { url = "https://files.pythonhosted.org/packages/d1/d6/3965ed04c63042e047cb6a3e6ed1a63a35087b6a609aa3a15ed8ac56c221/colorama-0.4.6-py2.py3-none-any.whl", hash = "sha256:4f1d9991f5acc0ca119f9d443620b77f9d6b33703e51011c16baf57afb285fc6", size = 25335, upload-time = "2022-10-25T02:36:20.889Z" },
]

[[package]]
name = "macholib"
version = "1.16.4"
source = { registry = "https://pypi.org/simple" }
dependencies = [
    { name = "altgraph" },
]
sdist = { url = "https://files.pythonhosted.org/packages/10/2f/97589876ea967487978071c9042518d28b958d87b17dceb7cdc1d881f963/macholib-1.16.4.tar.gz", hash = "sha256:f408c93ab2e995cd2c46e34fe328b130404be143469e41bc366c807448979362", size = 59427, upload-time = "2025-11-22T08:28:38.373Z" }
wheels = [
    { url = "https://files.pythonhosted.org/packages/c7/d1/a9f36f8ecdf0fb7c9b1e78c8d7af12b8c8754e74851ac7b94a8305540fc7/macholib-1.16.4-py2.py3-none-any.whl", hash = "sha256:da1a3fa8266e30f0ce7e97c6a54eefaae8edd1e5f86f3eb8b95457cae90265ea", size = 38117, upload-time = "2025-11-22T08:28:36.939Z" },
]

[[package]]
name = "numexpr"
version = "2.14.1"
source = { registry = "https://pypi.org/simple" }
dependencies = [
    { name = "numpy" },
]
sdist = { url = "https://files.pythonhosted.org/packages/cb/2f/fdba158c9dbe5caca9c3eca3eaffffb251f2fb8674bf8e2d0aed5f38d319/numexpr-2.14.1.tar.gz", hash = "sha256:4be00b1086c7b7a5c32e31558122b7b80243fe098579b170967da83f3152b48b", size = 119400, upload-time = "2025-10-13T16:17:27.351Z" }
wheels = [
    { url = "https://files.pythonhosted.org/packages/9d/20/c473fc04a371f5e2f8c5749e04505c13e7a8ede27c09e9f099b2ad6f43d6/numexpr-2.14.1-cp312-cp312-macosx_10_13_x86_64.whl", hash = "sha256:91ebae0ab18c799b0e6b8c5a8d11e1fa3848eb4011271d99848b297468a39430", size = 162790, upload-time = "2025-10-13T16:16:34.903Z" },
    { url = "https://files.pythonhosted.org/packages/45/93/b6760dd1904c2a498e5f43d1bb436f59383c3ddea3815f1461dfaa259373/numexpr-2.14.1-cp312-cp312-macosx_11_0_arm64.whl", hash = "sha256:47041f2f7b9e69498fb311af672ba914a60e6e6d804011caacb17d66f639e659", size = 152196, upload-time = "2025-10-13T16:16:36.593Z" },
    { url = "https://files.pythonhosted.org/packages/72/94/cc921e35593b820521e464cbbeaf8212bbdb07f16dc79fe283168df38195/numexpr-2.14.1-cp312-cp312-manylinux_2_27_aarch64.manylinux_2_28_aarch64.whl", hash = "sha256:d686dfb2c1382d9e6e0ee0b7647f943c1886dba3adbf606c625479f35f1956c1", size = 452468, upload-time = "2025-10-13T16:13:29.531Z" },
    { url = "https://files.pythonhosted.org/packages/d9/43/560e9ba23c02c904b5934496486d061bcb14cd3ebba2e3cf0e2dccb6c22b/numexpr-2.14.1-cp312-cp312-manylinux_2_27_x86_64.manylinux_2_28_x86_64.whl", hash = "sha256:eee6d4fbbbc368e6cdd0772734d6249128d957b3b8ad47a100789009f4de7083", size = 443631, upload-time = "2025-10-13T16:15:02.473Z" },
    { url = "https://files.pythonhosted.org/packages/7b/6c/78f83b6219f61c2c22d71ab6e6c2d4e5d7381334c6c29b77204e59edb039/numexpr-2.14.1-cp312-cp312-musllinux_1_2_aarch64.whl", hash = "sha256:3a2839efa25f3c8d4133252ea7342d8f81226c7c4dda81f97a57e090b9d87a48", size = 1417670, upload-time = "2025-10-13T16:13:33.464Z" },
    { url = "https://files.pythonhosted.org/packages/0e/bb/1ccc9dcaf46281568ce769888bf16294c40e98a5158e4b16c241de31d0d3/numexpr-2.14.1-cp312-cp312-musllinux_1_2_x86_64.whl", hash = "sha256:9f9137f1351b310436662b5dc6f4082a245efa8950c3b0d9008028df92fefb9b", size = 1466212, upload-time = "2025-10-13T16:15:12.828Z" },
    { url = "https://files.pythonhosted.org/packages/31/9f/203d82b9e39dadd91d64bca55b3c8ca432e981b822468dcef41a4418626b/numexpr-2.14.1-cp312-cp312-win32.whl", hash = "sha256:36f8d5c1bd1355df93b43d766790f9046cccfc1e32b7c6163f75bcde682cda07", size = 166996, upload-time = "2025-10-13T16:17:10.369Z" },
    { url = "https://files.pythonhosted.org/packages/1f/67/ffe750b5452eb66de788c34e7d21ec6d886abb4d7c43ad1dc88ceb3d998f/numexpr-2.14.1-cp312-cp312-win_amd64.whl", hash = "sha256:fdd886f4b7dbaf167633ee396478f0d0aa58ea2f9e7ccc3c6431019623e8d68f", size = 160187, upload-time = "2025-10-13T16:17:11.974Z" },
    { url = "https://files.pythonhosted.org/packages/73/b4/9f6d637fd79df42be1be29ee7ba1f050fab63b7182cb922a0e08adc12320/numexpr-2.14.1-cp313-cp313-macosx_10_13_x86_64.whl", hash = "sha256:09078ba73cffe94745abfbcc2d81ab8b4b4e9d7bfbbde6cac2ee5dbf38eee222", size = 162794, upload-time = "2025-10-13T16:16:38.291Z" },
    { url = "https://files.pythonhosted.org/packages/35/ae/d58558d8043de0c49f385ea2fa789e3cfe4d436c96be80200c5292f45f15/numexpr-2.14.1-cp313-cp313-macosx_11_0_arm64.whl", hash = "sha256:dce0b5a0447baa7b44bc218ec2d7dcd175b8eee6083605293349c0c1d9b82fb6", size = 152203, upload-time = "2025-10-13T16:16:39.907Z" },
    { url = "https://files.pythonhosted.org/packages/13/65/72b065f9c75baf8f474fd5d2b768350935989d4917db1c6c75b866d4067c/numexpr-2.14.1-cp313-cp313-manylinux_2_27_aarch64.manylinux_2_28_aarch64.whl", hash = "sha256:06855053de7a3a8425429bd996e8ae3c50b57637ad3e757e0fa0602a7874be30", size = 455860, upload-time = "2025-10-13T16:13:35.811Z" },
    { url = "https://files.pythonhosted.org/packages/fc/f9/c9457652dfe28e2eb898372da2fe786c6db81af9540c0f853ee04a0699cc/numexpr-2.14.1-cp313-cp313-manylinux_2_27_x86_64.manylinux_2_28_x86_64.whl", hash = "sha256:05f9366d23a2e991fd5a8b5e61a17558f028ba86158a4552f8f239b005cdf83c", size = 446574, upload-time = "2025-10-13T16:15:17.367Z" },
    { url = "https://files.pythonhosted.org/packages/b6/99/8d3879c4d67d3db5560cf2de65ce1778b80b75f6fa415eb5c3e7bd37ba27/numexpr-2.14.1-cp313-cp313-musllinux_1_2_aarch64.whl", hash = "sha256:c5f1b1605695778896534dfc6e130d54a65cd52be7ed2cd0cfee3981fd676bf5", size = 1417306, upload-time = "2025-10-13T16:13:42.813Z" },
    { url = "https://files.pythonhosted.org/packages/ea/05/6bddac9f18598ba94281e27a6943093f7d0976544b0cb5d92272c64719bd/numexpr-2.14.1-cp313-cp313-musllinux_1_2_x86_64.whl", hash = "sha256:a4ba71db47ea99c659d88ee6233fa77b6dc83392f1d324e0c90ddf617ae3f421", size = 1466145, upload-time = "2025-10-13T16:15:27.464Z" },
    { url = "https://files.pythonhosted.org/packages/24/5d/cbeb67aca0c5a76ead13df7e8bd8dd5e0d49145f90da697ba1d9f07005b0/numexpr-2.14.1-cp313-cp313-win32.whl", hash = "sha256:638dce8320f4a1483d5ca4fda69f60a70ed7e66be6e68bc23fb9f1a6b78a9e3b", size = 166996, upload-time = "2025-10-13T16:17:13.803Z" },
    { url = "https://files.pythonhosted.org/packages/cc/23/9281bceaeb282cead95f0aa5f7f222ffc895670ea689cc1398355f6e3001/numexpr-2.14.1-cp313-cp313-win_amd64.whl", hash = "sha256:9fdcd4735121658a313f878fd31136d1bfc6a5b913219e7274e9fca9f8dac3bb", size = 160189, upload-time = "2025-10-13T16:17:15.417Z" },
    { url = "https://files.pythonhosted.org/packages/f3/76/7aac965fd93a56803cbe502aee2adcad667253ae34b0badf6c5af7908b6c/numexpr-2.14.1-cp313-cp313t-macosx_10_13_x86_64.whl", hash = "sha256:557887ad7f5d3c2a40fd7310e50597045a68e66b20a77b3f44d7bc7608523b4b", size = 163524, upload-time = "2025-10-13T16:16:42.213Z" },
    { url = "https://files.pythonhosted.org/packages/58/65/79d592d5e63fbfab3b59a60c386853d9186a44a3fa3c87ba26bdc25b6195/numexpr-2.14.1-cp313-cp313t-macosx_11_0_arm64.whl", hash = "sha256:af111c8fe6fc55d15e4c7cab11920fc50740d913636d486545b080192cd0ad73", size = 152919, upload-time = "2025-10-13T16:16:44.229Z" },
    { url = "https://files.pythonhosted.org/packages/84/78/3c8335f713d4aeb99fa758d7c62f0be1482d4947ce5b508e2052bb7aeee9/numexpr-2.14.1-cp313-cp313t-manylinux_2_27_aarch64.manylinux_2_28_aarch64.whl", hash = "sha256:33265294376e7e2ae4d264d75b798a915d2acf37b9dd2b9405e8b04f84d05cfc", size = 465972, upload-time = "2025-10-13T16:13:45.061Z" },
    { url = "https://files.pythonhosted.org/packages/35/81/9ee5f69b811e8f18746c12d6f71848617684edd3161927f95eee7a305631/numexpr-2.14.1-cp313-cp313t-manylinux_2_27_x86_64.manylinux_2_28_x86_64.whl", hash = "sha256:83647d846d3eeeb9a9255311236135286728b398d0d41d35dedb532dca807fe9", size = 456953, upload-time = "2025-10-13T16:15:31.186Z" },
    { url = "https://files.pythonhosted.org/packages/6d/39/9b8bc6e294d85cbb54a634e47b833e9f3276a8bdf7ce92aa808718a0212d/numexpr-2.14.1-cp313-cp313t-musllinux_1_2_aarch64.whl", hash = "sha256:6e575fd3ad41ddf3355d0c7ef6bd0168619dc1779a98fe46693cad5e95d25e6e", size = 1426199, upload-time = "2025-10-13T16:13:48.231Z" },
    { url = "https://files.pythonhosted.org/packages/1e/ce/0d4fcd31ab49319740d934fba1734d7dad13aa485532ca754e555ca16c8b/numexpr-2.14.1-cp313-cp313t-musllinux_1_2_x86_64.whl", hash = "sha256:67ea4771029ce818573b1998f5ca416bd255156feea017841b86176a938f7d19", size = 1474214, upload-time = "2025-10-13T16:15:38.893Z" },
    { url = "https://files.pythonhosted.org/packages/b7/47/b2a93cbdb3ba4e009728ad1b9ef1550e2655ea2c86958ebaf03b9615f275/numexpr-2.14.1-cp313-cp313t-win32.whl", hash = "sha256:15015d47d3d1487072d58c0e7682ef2eb608321e14099c39d52e2dd689483611", size = 167676, upload-time = "2025-10-13T16:17:17.351Z" },
    { url = "https://files.pythonhosted.org/packages/86/99/ee3accc589ed032eea68e12172515ed96a5568534c213ad109e1f4411df1/numexpr-2.14.1-cp313-cp313t-win_amd64.whl", hash = "sha256:94c711f6d8f17dfb4606842b403699603aa591ab9f6bf23038b488ea9cfb0f09", size = 161096, upload-time = "2025-10-13T16:17:19.174Z" },
    { url = "https://files.pythonhosted.org/packages/ac/36/9db78dfbfdfa1f8bf0872993f1a334cdd8fca5a5b6567e47dcb128bcb7c2/numexpr-2.14.1-cp314-cp314-macosx_10_13_x86_64.whl", hash = "sha256:ede79f7ff06629f599081de644546ce7324f1581c09b0ac174da88a470d39c21", size = 162848, upload-time = "2025-10-13T16:16:46.216Z" },
    { url = "https://files.pythonhosted.org/packages/13/c1/a5c78ae637402c5550e2e0ba175275d2515d432ec28af0cdc23c9b476e65/numexpr-2.14.1-cp314-cp314-macosx_11_0_arm64.whl", hash = "sha256:2eac7a5a2f70b3768c67056445d1ceb4ecd9b853c8eda9563823b551aeaa5082", size = 152270, upload-time = "2025-10-13T16:16:47.92Z" },
    { url = "https://files.pythonhosted.org/packages/9a/ed/aabd8678077848dd9a751c5558c2057839f5a09e2a176d8dfcd0850ee00e/numexpr-2.14.1-cp314-cp314-manylinux_2_27_aarch64.manylinux_2_28_aarch64.whl", hash = "sha256:5aedf38d4c0c19d3cecfe0334c3f4099fb496f54c146223d30fa930084bc8574", size = 455918, upload-time = "2025-10-13T16:13:50.338Z" },
    { url = "https://files.pythonhosted.org/packages/88/e1/3db65117f02cdefb0e5e4c440daf1c30beb45051b7f47aded25b7f4f2f34/numexpr-2.14.1-cp314-cp314-manylinux_2_27_x86_64.manylinux_2_28_x86_64.whl", hash = "sha256:439ec4d57b853792ebe5456e3160312281c3a7071ecac5532ded3278ede614de", size = 446512, upload-time = "2025-10-13T16:15:42.313Z" },
    { url = "https://files.pythonhosted.org/packages/9a/fb/7ceb9ee55b5f67e4a3e4d73d5af4c7e37e3c9f37f54bee90361b64b17e3f/numexpr-2.14.1-cp314-cp314-musllinux_1_2_aarch64.whl", hash = "sha256:e23b87f744e04e302d82ac5e2189ae20a533566aec76a46885376e20b0645bf8", size = 1417845, upload-time = "2025-10-13T16:13:53.836Z" },
    { url = "https://files.pythonhosted.org/packages/45/2d/9b5764d0eafbbb2889288f80de773791358acf6fad1a55767538d8b79599/numexpr-2.14.1-cp314-cp314-musllinux_1_2_x86_64.whl", hash = "sha256:44f84e0e5af219dbb62a081606156420815890e041b87252fbcea5df55214c4c", size = 1466211, upload-time = "2025-10-13T16:15:48.985Z" },
    { url = "https://files.pythonhosted.org/packages/5d/21/204db708eccd71aa8bc55bcad55bc0fc6c5a4e01ad78e14ee5714a749386/numexpr-2.14.1-cp314-cp314-win32.whl", hash = "sha256:1f1a5e817c534539351aa75d26088e9e1e0ef1b3a6ab484047618a652ccc4fc3", size = 168835, upload-time = "2025-10-13T16:17:20.82Z" },
    { url = "https://files.pythonhosted.org/packages/4f/3e/d83e9401a1c3449a124f7d4b3fb44084798e0d30f7c11e60712d9b94cf11/numexpr-2.14.1-cp314-cp314-win_amd64.whl", hash = "sha256:587c41509bc373dfb1fe6086ba55a73147297247bedb6d588cda69169fc412f2", size = 162608, upload-time = "2025-10-13T16:17:22.228Z" },
    { url = "https://files.pythonhosted.org/packages/7f/d6/ec947806bb57836d6379a8c8a253c2aeaa602b12fef2336bfd2462bb4ed5/numexpr-2.14.1-cp314-cp314t-macosx_10_13_x86_64.whl", hash = "sha256:ec368819502b64f190c3f71be14a304780b5935c42aae5bf22c27cc2cbba70b5", size = 163525, upload-time = "2025-10-13T16:16:50.133Z" },
    { url = "https://files.pythonhosted.org/packages/0d/77/048f30dcf661a3d52963a88c29b52b6d5ce996d38e9313a56a922451c1e0/numexpr-2.14.1-cp314-cp314t-macosx_11_0_arm64.whl", hash = "sha256:7e87f6d203ac57239de32261c941e9748f9309cbc0da6295eabd0c438b920d3a", size = 152917, upload-time = "2025-10-13T16:16:52.055Z" },
    { url = "https://files.pythonhosted.org/packages/9e/d3/956a13e628d722d649fbf2fded615134a308c082e122a48bad0e90a99ce9/numexpr-2.14.1-cp314-cp314t-manylinux_2_27_aarch64.manylinux_2_28_aarch64.whl", hash = "sha256:dd72d8c2a165fe45ea7650b16eb8cc1792a94a722022006bb97c86fe51fd2091", size = 466242, upload-time = "2025-10-13T16:13:55.795Z" },
    { url = "https://files.pythonhosted.org/packages/d6/dd/abe848678d82486940892f2cacf39e82eec790e8930d4d713d3f9191063b/numexpr-2.14.1-cp314-cp314t-manylinux_2_27_x86_64.manylinux_2_28_x86_64.whl", hash = "sha256:70d80fcb418a54ca208e9a38e58ddc425c07f66485176b261d9a67c7f2864f73", size = 457149, upload-time = "2025-10-13T16:15:52.036Z" },
    { url = "https://files.pythonhosted.org/packages/fd/bb/797b583b5fb9da5700a5708ca6eb4f889c94d81abb28de4d642c0f4b3258/numexpr-2.14.1-cp314-cp314t-musllinux_1_2_aarch64.whl", hash = "sha256:edea2f20c2040df8b54ee8ca8ebda63de9545b2112872466118e9df4d0ae99f3", size = 1426493, upload-time = "2025-10-13T16:13:59.244Z" },
    { url = "https://files.pythonhosted.org/packages/77/c4/0519ab028fdc35e3e7ee700def7f2b4631b175cd9e1202bd7966c1695c33/numexpr-2.14.1-cp314-cp314t-musllinux_1_2_x86_64.whl", hash = "sha256:790447be6879a6c51b9545f79612d24c9ea0a41d537a84e15e6a8ddef0b6268e", size = 1474413, upload-time = "2025-10-13T16:15:59.211Z" },
    { url = "https://files.pythonhosted.org/packages/d4/4a/33044878c8f4a75213cfe9c11d4c02058bb710a7a063fe14f362e8de1077/numexpr-2.14.1-cp314-cp314t-win32.whl", hash = "sha256:538961096c2300ea44240209181e31fae82759d26b51713b589332b9f2a4117e", size = 169502, upload-time = "2025-10-13T16:17:23.829Z" },
    { url = "https://files.pythonhosted.org/packages/41/a2/5a1a2c72528b429337f49911b18c302ecd36eeab00f409147e1aa4ae4519/numexpr-2.14.1-cp314-cp314t-win_amd64.whl", hash = "sha256:a40b350cd45b4446076fa11843fa32bbe07024747aeddf6d467290bf9011b392", size = 163589, upload-time = "2025-10-13T16:17:25.696Z" },
]

[[package]]
name = "numpy"
version = "2.4.5"
source = { registry = "https://pypi.org/simple" }
sdist = { url = "https://files.pythonhosted.org/packages/50/8e/b8041bc719f056afd864478029d52214789341ac6583437b0ee5031e9530/numpy-2.4.5.tar.gz", hash = "sha256:ca670567a5683b7c1670ec03e0ddd5862e10934e92a70751d68d7b7b74ca7f9f", size = 20735669, upload-time = "2026-05-15T20:25:19.492Z" }
wheels = [
    { url = "https://files.pythonhosted.org/packages/6c/18/3275231e98620002681c922e792db04d72c356e9d8073c387344fc0e4ff1/numpy-2.4.5-cp312-cp312-macosx_10_13_x86_64.whl", hash = "sha256:654fb8674b61b1c4bd568f944d13a908566fdcb0d797303521d4149d16da05ef", size = 16689166, upload-time = "2026-05-15T20:22:50.761Z" },
    { url = "https://files.pythonhosted.org/packages/db/23/000aab6a16bdec53307f0f72546b57a3ac9266a62d8c257bee97d85fd078/numpy-2.4.5-cp312-cp312-macosx_11_0_arm64.whl", hash = "sha256:4cd9f6fa7ce10dc4627f2bb81dd9075dab67e94632e04c2b638e12575ddaa862", size = 14699514, upload-time = "2026-05-15T20:22:53.678Z" },
    { url = "https://files.pythonhosted.org/packages/47/cc/ddaf3af9c46966fef5be879256f213d85a0c56c75d07a3b7defec7cf6b4c/numpy-2.4.5-cp312-cp312-macosx_14_0_arm64.whl", hash = "sha256:4f5bc96d35d94e4ceab8b38a92241b4611e95dc44e63b9f1fa2a331858ee3507", size = 5204601, upload-time = "2026-05-15T20:22:56.257Z" },
    { url = "https://files.pythonhosted.org/packages/07/ea/627fadd11959b3c7759008f34c92a35af8ff942dd8284a66ced648bbe516/numpy-2.4.5-cp312-cp312-macosx_14_0_x86_64.whl", hash = "sha256:4bb33e900ee81730ad77a258965134aa8ceac805124f7e5229347beda4b8d0aa", size = 6551360, upload-time = "2026-05-15T20:22:58.334Z" },
    { url = "https://files.pythonhosted.org/packages/a1/47/0728b986b8682d742ff68c16baa5af9d185484abfc635c5cc700f44e62be/numpy-2.4.5-cp312-cp312-manylinux_2_27_aarch64.manylinux_2_28_aarch64.whl", hash = "sha256:32f8f852273ef32b291201ac2a2c97629c4a1ee8632bb670e3443eaa09fc2e72", size = 15671157, upload-time = "2026-05-15T20:23:01.081Z" },
    { url = "https://files.pythonhosted.org/packages/d1/0b/b905ae82d9419dc38123523862db64978ca2954b69609c3ae8fdaca1084c/numpy-2.4.5-cp312-cp312-manylinux_2_27_x86_64.manylinux_2_28_x86_64.whl", hash = "sha256:685681e956fc8dcb75adc6ff26694e1dfd738b24bd8d4696c51ca0110157f912", size = 16645703, upload-time = "2026-05-15T20:23:04.358Z" },
    { url = "https://files.pythonhosted.org/packages/5f/24/e27fc3f5236b4118ed9eed67111675f5c61a07ea333acec87c869c3b359d/numpy-2.4.5-cp312-cp312-musllinux_1_2_aarch64.whl", hash = "sha256:6f64dd84b277a737eb59513f6b9bb6195bf41ab11941ef15b2562dbab43fa8ef", size = 17021018, upload-time = "2026-05-15T20:23:07.021Z" },
    { url = "https://files.pythonhosted.org/packages/d3/a7/9041af38d527ab80a06a93570a77e29425b41507ad41f6acf5da78cfb4a4/numpy-2.4.5-cp312-cp312-musllinux_1_2_x86_64.whl", hash = "sha256:b42d9496f79e3a728192f05a42d86e36163217b7cdecb3813d0028a0aa6b72d7", size = 18368768, upload-time = "2026-05-15T20:23:09.44Z" },
    { url = "https://files.pythonhosted.org/packages/49/82/326a014442f32c2663434fd424d9298791f47f8a0f17585ad60519a5606e/numpy-2.4.5-cp312-cp312-win32.whl", hash = "sha256:86d980970f5110595ca14855768073b08585fc1acc36895de303e039e7dee4a5", size = 5962819, upload-time = "2026-05-15T20:23:11.631Z" },
    { url = "https://files.pythonhosted.org/packages/3c/f0/cbf5d391b0b3a5e8cad264603e2fae256b0bde8ce43566b13b78faedc659/numpy-2.4.5-cp312-cp312-win_amd64.whl", hash = "sha256:3333dba6a4e611d666f69e177ba8fe4140366ff681a5feb2374d3fd4fff3acb6", size = 12321621, upload-time = "2026-05-15T20:23:14.305Z" },
    { url = "https://files.pythonhosted.org/packages/3c/d0/0f18909d9bc37a5f3f969fc737d2bb5df9f2ff295f71b467e6f52a0d6c4e/numpy-2.4.5-cp312-cp312-win_arm64.whl", hash = "sha256:4593d197270b894efeb538dcbe227e4bcf1c77f88c4c6bf933ead812cfaa4453", size = 10221430, upload-time = "2026-05-15T20:23:16.887Z" },
    { url = "https://files.pythonhosted.org/packages/e3/a4/fb50657c7cab297bf34edcd60a074cb0647f61771430d6363575274160fe/numpy-2.4.5-cp313-cp313-macosx_10_13_x86_64.whl", hash = "sha256:1ef248460b645c102026b82337cc4e88231909c66dd77b59ec6d6cac7e44f277", size = 16684760, upload-time = "2026-05-15T20:23:19.436Z" },
    { url = "https://files.pythonhosted.org/packages/3e/43/87e731299b9408eda705b3b9cb31c7bceb9347d2af9cbb16b2b1e4b5bc0f/numpy-2.4.5-cp313-cp313-macosx_11_0_arm64.whl", hash = "sha256:4603622bdcdbf8dccb1d9d5b21d16a7aa4e473ae6c8e14048d846fd4ca2907a0", size = 14694117, upload-time = "2026-05-15T20:23:21.832Z" },
    { url = "https://files.pythonhosted.org/packages/a9/c7/0b2bb8acea222e9dd6e582afc2bc553b89b8833cbdccc68e68f050fb31f8/numpy-2.4.5-cp313-cp313-macosx_14_0_arm64.whl", hash = "sha256:6c18d49c67689c562854b53fdc433b93e47c12952aa6fa6d59f185e1a5992419", size = 5199141, upload-time = "2026-05-15T20:23:24.066Z" },
    { url = "https://files.pythonhosted.org/packages/39/60/b6972b5d47033d90000f0097c81a98b9486589a2d7003bf725bff275cb0d/numpy-2.4.5-cp313-cp313-macosx_14_0_x86_64.whl", hash = "sha256:b1c663ddc641f4192e90511bec61a09bc231e3bbdb996cdc6edbcaa0e528d685", size = 6546954, upload-time = "2026-05-15T20:23:26.099Z" },
    { url = "https://files.pythonhosted.org/packages/c1/e9/ed667cb12c11ca0adde431f685d3a5dd78e6f78b27228c581c8415198e9e/numpy-2.4.5-cp313-cp313-manylinux_2_27_aarch64.manylinux_2_28_aarch64.whl", hash = "sha256:93793222b524f692f12b2f8752ce8b1d9d9125b2bfd5dbf0fb69c92c5e1ce86c", size = 15669430, upload-time = "2026-05-15T20:23:28.147Z" },
    { url = "https://files.pythonhosted.org/packages/44/e5/679f6ffeb01294b0008e5ada4a113cb47617bc0e1819a529fd7973c6d7f4/numpy-2.4.5-cp313-cp313-manylinux_2_27_x86_64.manylinux_2_28_x86_64.whl", hash = "sha256:1616bde34b2bcba2fa9bde06217ce00da4f3d1bdfb264d54525a99e8fe170d83", size = 16633390, upload-time = "2026-05-15T20:23:31.622Z" },
    { url = "https://files.pythonhosted.org/packages/36/46/42bfffc9a780ec902ccd7470d3219192ee82b7b442710307dd85b4d121b0/numpy-2.4.5-cp313-cp313-musllinux_1_2_aarch64.whl", hash = "sha256:09d7d97da1c2c62f4818b3e150a57572ff8dcf1cf5ac501aac832ffd4ebd9566", size = 17020709, upload-time = "2026-05-15T20:23:34.08Z" },
    { url = "https://files.pythonhosted.org/packages/44/00/3e840bfee0cc6cec22209f2c97057f26eeb30de031e4933b4dfc0395416c/numpy-2.4.5-cp313-cp313-musllinux_1_2_x86_64.whl", hash = "sha256:2d68d0b355ab2e39fe0de59001d7151dfdbbb880ef67baeed806661e03df5097", size = 18357818, upload-time = "2026-05-15T20:23:36.965Z" },
    { url = "https://files.pythonhosted.org/packages/72/cb/3447b400b9da84134575486f0f656541559b00d4b262477bce9b678bbca8/numpy-2.4.5-cp313-cp313-win32.whl", hash = "sha256:fe28b64777ddfa0eca9b5f51474034ebe3dcb8324f48f27b28f479085673ae33", size = 5961114, upload-time = "2026-05-15T20:23:39.586Z" },
    { url = "https://files.pythonhosted.org/packages/28/f9/a90d2220ffcdc0798f5d55bb5d5463cd6254ec9ef43f384dae80217d7a2f/numpy-2.4.5-cp313-cp313-win_amd64.whl", hash = "sha256:fb4a6c9c537d6ccec9cc4aeae4261bd3cc79b070c67ddc0646f5b1c07fddde42", size = 12318553, upload-time = "2026-05-15T20:23:41.436Z" },
    { url = "https://files.pythonhosted.org/packages/b8/c9/96f531fb3234545315152d34efdf3de7daee81254448447eb619e8d16967/numpy-2.4.5-cp313-cp313-win_arm64.whl", hash = "sha256:6d7df2da2e7ea0624a43aa368104b3a3ce14aae98ad4bb2c9a93fecef76f1c97", size = 10222200, upload-time = "2026-05-15T20:23:43.681Z" },
    { url = "https://files.pythonhosted.org/packages/e1/f4/a291caab5a3c520babf93ff77c54fd5fdb1ebbc3296cee2eb2146ce773b1/numpy-2.4.5-cp313-cp313t-macosx_11_0_arm64.whl", hash = "sha256:2a235607a18df941760a695927051af4b1cd5d3ee85840d0e2af816785771feb", size = 14821438, upload-time = "2026-05-15T20:23:45.911Z" },
    { url = "https://files.pythonhosted.org/packages/85/26/13dbb1159b864370568e7309063fd72667984df89db74e9caeb175d067c7/numpy-2.4.5-cp313-cp313t-macosx_14_0_arm64.whl", hash = "sha256:58dcf64969d870f36bc7fbd557d2617e997db7dc06261b6e3327148ea460d0a4", size = 5326663, upload-time = "2026-05-15T20:23:48.18Z" },
    { url = "https://files.pythonhosted.org/packages/7c/99/d233408072a0e019e2288e27edd23f7d572ccd4a73d1539baa3270ede85d/numpy-2.4.5-cp313-cp313t-macosx_14_0_x86_64.whl", hash = "sha256:235f54b0156274d8fa3155db3ed6d2f401c7e8f3367c90db0a12f02a58fde6ed", size = 6646874, upload-time = "2026-05-15T20:23:49.856Z" },
    { url = "https://files.pythonhosted.org/packages/c5/00/eeb6f193dfe767725e952e0464f3e51f44145c5dd261cd7389aa36ac0713/numpy-2.4.5-cp313-cp313t-manylinux_2_27_aarch64.manylinux_2_28_aarch64.whl", hash = "sha256:ef3b5bb65437a3555c648e706475db01c645559ca80dc8b03e4f202ea757e0d6", size = 15728147, upload-time = "2026-05-15T20:23:51.655Z" },
    { url = "https://files.pythonhosted.org/packages/e5/c9/b8ed039f1fde1b13a8807c893e7e2f9432a379f4d6401edecf0028da5b2c/numpy-2.4.5-cp313-cp313t-manylinux_2_27_x86_64.manylinux_2_28_x86_64.whl", hash = "sha256:7f09a7e5f017d7098c66522097c96257411c9620c0926212200d66bc8cee3976", size = 16681770, upload-time = "2026-05-15T20:23:53.933Z" },
    { url = "https://files.pythonhosted.org/packages/11/5b/0198ef6cb7016eca6d895d392106012138127fab23f46637e76d5e25c9f5/numpy-2.4.5-cp313-cp313t-musllinux_1_2_aarch64.whl", hash = "sha256:993a88d8fdd8554466a8765cd8bacd97ba56b70ca6b0a04bcdca77f5afed4222", size = 17086218, upload-time = "2026-05-15T20:23:56.646Z" },
    { url = "https://files.pythonhosted.org/packages/f0/fe/8821f3cfc660ae84c92ee158505941874b62c56a42e035a41425228cd8cf/numpy-2.4.5-cp313-cp313t-musllinux_1_2_x86_64.whl", hash = "sha256:84f58bed609b5669f5ad3d597901a4f1f86ee5b3c3708aaa55f05b4fe6e0f656", size = 18403542, upload-time = "2026-05-15T20:23:59.173Z" },
    { url = "https://files.pythonhosted.org/packages/0e/00/e64ecaf498865e7b091f57658b2c522503e5d1b70e43b807f5f8247e1d88/numpy-2.4.5-cp313-cp313t-win32.whl", hash = "sha256:7200c58f3f933ca61e66346667dcc8510bb111995e9ce15398a731e6a4afa4bb", size = 6084903, upload-time = "2026-05-15T20:24:01.506Z" },
    { url = "https://files.pythonhosted.org/packages/20/c0/354997dedaf74e8311c2cf9a6027b476fd8d424cb92189cc0ae2b25f501c/numpy-2.4.5-cp313-cp313t-win_amd64.whl", hash = "sha256:c26c71080d35db5002102f5d9ff614d45de02aa1f7802943e691e063e5ee93bc", size = 12458420, upload-time = "2026-05-15T20:24:03.735Z" },
    { url = "https://files.pythonhosted.org/packages/66/dc/917ee5ea4a31ca1a6e4c9a85386477efa318dcc60db257c5ef4adda096c1/numpy-2.4.5-cp313-cp313t-win_arm64.whl", hash = "sha256:2caa576d1707b275cba1aeb60a5c50daa6fa2a3f28ecb08123bc05fd439005db", size = 10291826, upload-time = "2026-05-15T20:24:06.535Z" },
    { url = "https://files.pythonhosted.org/packages/ca/c1/3be0bf102fc17cff5bd142e3be0bfffabec6fa46da0a462396c76b0765d0/numpy-2.4.5-cp314-cp314-macosx_10_15_x86_64.whl", hash = "sha256:889ca2c072315de638a5194a772aa1fa2df92bdd6175f6a222d4784040424b61", size = 16683455, upload-time = "2026-05-15T20:24:08.988Z" },
    { url = "https://files.pythonhosted.org/packages/e8/3e/0742d724901fa36bc54b338c6e62e463a7601180da896aa44978f0adf004/numpy-2.4.5-cp314-cp314-macosx_11_0_arm64.whl", hash = "sha256:89e89304fb1f8c3f0ecfa4a7d48f311dd79771336a940e920159d643d1307e77", size = 14704577, upload-time = "2026-05-15T20:24:11.542Z" },
    { url = "https://files.pythonhosted.org/packages/25/1c/196c610ff4c6782d697ba780ebdc1616be143213701bf22c1a270f3bf7dd/numpy-2.4.5-cp314-cp314-macosx_14_0_arm64.whl", hash = "sha256:144fcc5a3a17679b2b82543b4a2d8dd29937230a7af13232b5f753872feb6361", size = 5209756, upload-time = "2026-05-15T20:24:14.091Z" },
    { url = "https://files.pythonhosted.org/packages/52/c0/23fb1bc506f774e03db66219a2830e720f4d3dbcaaddf855a7ff7bb6d96f/numpy-2.4.5-cp314-cp314-macosx_14_0_x86_64.whl", hash = "sha256:398bb16772b265b9fa5c07b07072646ea97137c10ffb62a9a087b277fc825c29", size = 6543937, upload-time = "2026-05-15T20:24:16.223Z" },
    { url = "https://files.pythonhosted.org/packages/9f/49/db4662c26e68520afcc84d672a6f9f5294063dee0e57a46d61afdaa7f9ed/numpy-2.4.5-cp314-cp314-manylinux_2_27_aarch64.manylinux_2_28_aarch64.whl", hash = "sha256:fb352e7b8876da1249e72254736d6c58c505fa4e58a3d7e30efca241ca9ca9ce", size = 15685292, upload-time = "2026-05-15T20:24:17.978Z" },
    { url = "https://files.pythonhosted.org/packages/43/80/1315439acedd8398319bac177d6de3d48ab39c62cc0c810f74f0a9a73996/numpy-2.4.5-cp314-cp314-manylinux_2_27_x86_64.manylinux_2_28_x86_64.whl", hash = "sha256:7341b08ff8124d7353939778e2707b8732d03c78c1c30e0815aba2dacbe1245a", size = 16638528, upload-time = "2026-05-15T20:24:20.478Z" },
    { url = "https://files.pythonhosted.org/packages/56/81/364388600932618fe735d97fdd2437cb8dd87a23377ac11d8b9d5db098b7/numpy-2.4.5-cp314-cp314-musllinux_1_2_aarch64.whl", hash = "sha256:deb01226f012539f3945261ffe1c10aec081a0fa0a5c925419933c70f3ae2d23", size = 17036709, upload-time = "2026-05-15T20:24:22.949Z" },
    { url = "https://files.pythonhosted.org/packages/32/4a/a1185b18a94a6d9587e54b437e7d0ba36ecf6e614f1bea03f5249912c64e/numpy-2.4.5-cp314-cp314-musllinux_1_2_x86_64.whl", hash = "sha256:d888bdf7335f76878c3c7b264ac1ff089863e211ec81249f9fb5795c2183dc25", size = 18363254, upload-time = "2026-05-15T20:24:25.402Z" },
    { url = "https://files.pythonhosted.org/packages/b9/8e/95c1d2ed15ae97750ede8c8a0ac487c9c01207afff430f47078b1d9d7dc5/numpy-2.4.5-cp314-cp314-win32.whl", hash = "sha256:15f90d1256e9b2320aff24fde44815b787ab6d7c49a1a11bfd8138b321c5f080", size = 6010184, upload-time = "2026-05-15T20:24:27.852Z" },
    { url = "https://files.pythonhosted.org/packages/aa/92/d063df4d63d988b20d881856c74df76c0c1786229bb870f3a52af0981d4d/numpy-2.4.5-cp314-cp314-win_amd64.whl", hash = "sha256:4bd2cd4ef9c0afa87de73723c0a33c0edff62143e1432917458e26d3d195d87f", size = 12450344, upload-time = "2026-05-15T20:24:29.856Z" },
    { url = "https://files.pythonhosted.org/packages/3d/64/c0ae481f7c3b2f85869bcd8fc5d30aa7c96b394162eef9c9315957f115c5/numpy-2.4.5-cp314-cp314-win_arm64.whl", hash = "sha256:db304568c650e9d7039744d3575d0d287754debb2057d7c7b8cdfdc2c487a957", size = 10495674, upload-time = "2026-05-15T20:24:32.352Z" },
    { url = "https://files.pythonhosted.org/packages/57/89/c5a4c677acf17aa50ba09a15e61812f90baac42bb6ca38d112e005858351/numpy-2.4.5-cp314-cp314t-macosx_11_0_arm64.whl", hash = "sha256:6de2883e0d2c63eae1bab1a84b390dca74aabb3d20ea1f5d58f360853c83abf3", size = 14824078, upload-time = "2026-05-15T20:24:34.669Z" },
    { url = "https://files.pythonhosted.org/packages/e7/52/57e7144284f6b51ba93523e495ff239260b1ecd5257e3700a436332e5688/numpy-2.4.5-cp314-cp314t-macosx_14_0_arm64.whl", hash = "sha256:06760fe73ae5005008748d182de612c733542af3cde063d532cd2127561b27be", size = 5329246, upload-time = "2026-05-15T20:24:36.957Z" },
    { url = "https://files.pythonhosted.org/packages/b9/b3/09dbce80fd4a7db4318f2fc01eec0ae76f29306442b5a32d4b811d082cdf/numpy-2.4.5-cp314-cp314t-macosx_14_0_x86_64.whl", hash = "sha256:4b51a01745cb04cc19278482207444b4d30728ce91c28d27a3bfae5fc6ff24c7", size = 6649877, upload-time = "2026-05-15T20:24:38.861Z" },
    { url = "https://files.pythonhosted.org/packages/30/c2/dbdb23e82d540b757690ef13f011c386fca6a63848eec6136baf8ce7cbed/numpy-2.4.5-cp314-cp314t-manylinux_2_27_aarch64.manylinux_2_28_aarch64.whl", hash = "sha256:9a05636d7937d0936f271e5ba957fa8d746b5be3c2025caa1a2508f4fe521d40", size = 15730534, upload-time = "2026-05-15T20:24:41.168Z" },
    { url = "https://files.pythonhosted.org/packages/c4/bd/68f6e9b3c20decf40ac06708a7b506757e3a8588efed32988d1b747316be/numpy-2.4.5-cp314-cp314t-manylinux_2_27_x86_64.manylinux_2_28_x86_64.whl", hash = "sha256:14b86f56048ed09c3bbe48962a7dff077c2fd3274f8cf981800f3b38eac49cc3", size = 16679741, upload-time = "2026-05-15T20:24:44.874Z" },
    { url = "https://files.pythonhosted.org/packages/39/1d/0fcac0b6b4ea1b50ca8fca05a34bed5c8d56e34c1cb5ffb04cf76109ac3c/numpy-2.4.5-cp314-cp314t-musllinux_1_2_aarch64.whl", hash = "sha256:130d58151c4db23e9fa860b84784e219a3aa3e030acc88a493ea37006c4dfd4c", size = 17085598, upload-time = "2026-05-15T20:24:47.603Z" },
    { url = "https://files.pythonhosted.org/packages/0b/e8/a472b2564cf6cc498ad7aa9741d9832648221b8ab8cc0dbef41faa248ede/numpy-2.4.5-cp314-cp314t-musllinux_1_2_x86_64.whl", hash = "sha256:d475afc8cbe935ff5944f753d863bba774d7f4e1feaaa4102901e3e053ca5963", size = 18403855, upload-time = "2026-05-15T20:24:50.474Z" },
    { url = "https://files.pythonhosted.org/packages/b9/a4/da82196f8cc4bd28ecf17bd57008c84f3d4696caf06753d9bad45e4ad749/numpy-2.4.5-cp314-cp314t-win32.whl", hash = "sha256:27f4a6dc26353a860b348961b9aa9e009835688b435cfa105e873b8dc2c726f5", size = 6156900, upload-time = "2026-05-15T20:24:53.134Z" },
    { url = "https://files.pythonhosted.org/packages/98/31/860959b91a73d9a085006554fa3850da51a7ffab64599bac5097243438ab/numpy-2.4.5-cp314-cp314t-win_amd64.whl", hash = "sha256:76ac6e90f5e226011c88f9b7040a4bcae612518bc7e9adc127e697a13b28ad1a", size = 12638906, upload-time = "2026-05-15T20:24:55.009Z" },
    { url = "https://files.pythonhosted.org/packages/9e/2a/bbd3097913083ad07c0f28fc9629666221fc18923e17ce97ae22a5dccdd6/numpy-2.4.5-cp314-cp314t-win_arm64.whl", hash = "sha256:7c392e2c1bf596701d3c6832be7567eab5d5b0a13865036c33365ee097d37f8b", size = 10565875, upload-time = "2026-05-15T20:24:57.425Z" },
]

[[package]]
name = "opencv-python"
version = "4.13.0.92"
source = { registry = "https://pypi.org/simple" }
dependencies = [
    { name = "numpy" },
]
wheels = [
    { url = "https://files.pythonhosted.org/packages/fc/6f/5a28fef4c4a382be06afe3938c64cc168223016fa520c5abaf37e8862aa5/opencv_python-4.13.0.92-cp37-abi3-macosx_13_0_arm64.whl", hash = "sha256:caf60c071ec391ba51ed00a4a920f996d0b64e3e46068aac1f646b5de0326a19", size = 46247052, upload-time = "2026-02-05T07:01:25.046Z" },
    { url = "https://files.pythonhosted.org/packages/08/ac/6c98c44c650b8114a0fb901691351cfb3956d502e8e9b5cd27f4ee7fbf2f/opencv_python-4.13.0.92-cp37-abi3-macosx_14_0_x86_64.whl", hash = "sha256:5868a8c028a0b37561579bfb8ac1875babdc69546d236249fff296a8c010ccf9", size = 32568781, upload-time = "2026-02-05T07:01:41.379Z" },
    { url = "https://files.pythonhosted.org/packages/3e/51/82fed528b45173bf629fa44effb76dff8bc9f4eeaee759038362dfa60237/opencv_python-4.13.0.92-cp37-abi3-manylinux2014_aarch64.manylinux_2_17_aarch64.whl", hash = "sha256:0bc2596e68f972ca452d80f444bc404e08807d021fbba40df26b61b18e01838a", size = 47685527, upload-time = "2026-02-05T06:59:11.24Z" },
    { url = "https://files.pythonhosted.org/packages/db/07/90b34a8e2cf9c50fe8ed25cac9011cde0676b4d9d9c973751ac7616223a2/opencv_python-4.13.0.92-cp37-abi3-manylinux2014_x86_64.manylinux_2_17_x86_64.whl", hash = "sha256:402033cddf9d294693094de5ef532339f14ce821da3ad7df7c9f6e8316da32cf", size = 70460872, upload-time = "2026-02-05T06:59:19.162Z" },
    { url = "https://files.pythonhosted.org/packages/02/6d/7a9cc719b3eaf4377b9c2e3edeb7ed3a81de41f96421510c0a169ca3cfd4/opencv_python-4.13.0.92-cp37-abi3-manylinux_2_28_aarch64.whl", hash = "sha256:bccaabf9eb7f897ca61880ce2869dcd9b25b72129c28478e7f2a5e8dee945616", size = 46708208, upload-time = "2026-02-05T06:59:15.419Z" },
    { url = "https://files.pythonhosted.org/packages/fd/55/b3b49a1b97aabcfbbd6c7326df9cb0b6fa0c0aefa8e89d500939e04aa229/opencv_python-4.13.0.92-cp37-abi3-manylinux_2_28_x86_64.whl", hash = "sha256:620d602b8f7d8b8dab5f4b99c6eb353e78d3fb8b0f53db1bd258bb1aa001c1d5", size = 72927042, upload-time = "2026-02-05T06:59:23.389Z" },
    { url = "https://files.pythonhosted.org/packages/fb/17/de5458312bcb07ddf434d7bfcb24bb52c59635ad58c6e7c751b48949b009/opencv_python-4.13.0.92-cp37-abi3-win32.whl", hash = "sha256:372fe164a3148ac1ca51e5f3ad0541a4a276452273f503441d718fab9c5e5f59", size = 30932638, upload-time = "2026-02-05T07:02:14.98Z" },
    { url = "https://files.pythonhosted.org/packages/e9/a5/1be1516390333ff9be3a9cb648c9f33df79d5096e5884b5df71a588af463/opencv_python-4.13.0.92-cp37-abi3-win_amd64.whl", hash = "sha256:423d934c9fafb91aad38edf26efb46da91ffbc05f3f59c4b0c72e699720706f5", size = 40212062, upload-time = "2026-02-05T07:02:12.724Z" },
]

[[package]]
name = "packaging"
version = "26.2"
source = { registry = "https://pypi.org/simple" }
sdist = { url = "https://files.pythonhosted.org/packages/d7/f1/e7a6dd94a8d4a5626c03e4e99c87f241ba9e350cd9e6d75123f992427270/packaging-26.2.tar.gz", hash = "sha256:ff452ff5a3e828ce110190feff1178bb1f2ea2281fa2075aadb987c2fb221661", size = 228134, upload-time = "2026-04-24T20:15:23.917Z" }
wheels = [
    { url = "https://files.pythonhosted.org/packages/df/b2/87e62e8c3e2f4b32e5fe99e0b86d576da1312593b39f47d8ceef365e95ed/packaging-26.2-py3-none-any.whl", hash = "sha256:5fc45236b9446107ff2415ce77c807cee2862cb6fac22b8a73826d0693b0980e", size = 100195, upload-time = "2026-04-24T20:15:22.081Z" },
]

[[package]]
name = "pefile"
version = "2024.8.26"
source = { registry = "https://pypi.org/simple" }
sdist = { url = "https://files.pythonhosted.org/packages/03/4f/2750f7f6f025a1507cd3b7218691671eecfd0bbebebe8b39aa0fe1d360b8/pefile-2024.8.26.tar.gz", hash = "sha256:3ff6c5d8b43e8c37bb6e6dd5085658d658a7a0bdcd20b6a07b1fcfc1c4e9d632", size = 76008, upload-time = "2024-08-26T20:58:38.155Z" }
wheels = [
    { url = "https://files.pythonhosted.org/packages/54/16/12b82f791c7f50ddec566873d5bdd245baa1491bac11d15ffb98aecc8f8b/pefile-2024.8.26-py3-none-any.whl", hash = "sha256:76f8b485dcd3b1bb8166f1128d395fa3d87af26360c2358fb75b80019b957c6f", size = 74766, upload-time = "2024-08-26T21:01:02.632Z" },
]

[[package]]
name = "pyinstaller"
version = "6.20.0"
source = { registry = "https://pypi.org/simple" }
dependencies = [
    { name = "altgraph" },
    { name = "macholib", marker = "sys_platform == 'darwin'" },
    { name = "packaging" },
    { name = "pefile", marker = "sys_platform == 'win32'" },
    { name = "pyinstaller-hooks-contrib" },
    { name = "pywin32-ctypes", marker = "sys_platform == 'win32'" },
    { name = "setuptools" },
]
sdist = { url = "https://files.pythonhosted.org/packages/46/60/d03d52e6690d4e9caf333dcd14550cde634ce6c118b3bc8fa3112c3186fd/pyinstaller-6.20.0.tar.gz", hash = "sha256:95c5c7e03d5d61e9dfb8ef259c699cf492bb1041beb6dbe83696608cec07347a", size = 4048728, upload-time = "2026-04-22T20:59:36.96Z" }
wheels = [
    { url = "https://files.pythonhosted.org/packages/d0/e4/e228d6d1bbb7fd62dc660a8fb202a583b023d3a3624ca95d1a9290ee4d6a/pyinstaller-6.20.0-py3-none-macosx_10_13_universal2.whl", hash = "sha256:bf3be4e1284ee78ddccba5e29f99443a12a7b4673168288ffc4c9d38c6f7b90e", size = 1047642, upload-time = "2026-04-22T20:58:32.006Z" },
    { url = "https://files.pythonhosted.org/packages/ce/bd/afb631bcb3f9040efebd4f6d067f0828b51710818f69fb41a2d4b7787f52/pyinstaller-6.20.0-py3-none-manylinux2014_aarch64.whl", hash = "sha256:72ae9c1fdea134afa791f58bdc9a1934d5c7609753c111e0026bfc272b32b712", size = 742494, upload-time = "2026-04-22T20:58:36.285Z" },
    { url = "https://files.pythonhosted.org/packages/76/08/0729a5bac14754150e5d83b39d87d842eb42b0bffcaa03dbad6252e23a39/pyinstaller-6.20.0-py3-none-manylinux2014_i686.whl", hash = "sha256:1031bcc307f3fbeffd4e162723e64d46dbf591c82dd0997413afb2a07328b941", size = 754191, upload-time = "2026-04-22T20:58:40.603Z" },
    { url = "https://files.pythonhosted.org/packages/e6/82/bc0ee4c7b97db1958eb651e0da9fb1e672e5ae53ca8867fd97701de52906/pyinstaller-6.20.0-py3-none-manylinux2014_ppc64le.whl", hash = "sha256:8df3b3f347659fa2562d8d193a98ad4600133b8b8d07c268df89e4154376750e", size = 751902, upload-time = "2026-04-22T20:58:44.7Z" },
    { url = "https://files.pythonhosted.org/packages/3d/e7/770002d6aaa54173881cb2c49bb195ba67b97bf39bac1cdf320f28401629/pyinstaller-6.20.0-py3-none-manylinux2014_s390x.whl", hash = "sha256:b0d3cc9dd8120d448459bd3880a12e2f9774c51443af49047801446377999a59", size = 748634, upload-time = "2026-04-22T20:58:48.579Z" },
    { url = "https://files.pythonhosted.org/packages/fe/db/68ba1fccb71278b2124fb90b37b7c8c0bc4c1173fba45b94466df3d9cb7f/pyinstaller-6.20.0-py3-none-manylinux2014_x86_64.whl", hash = "sha256:03696bb6350177c6bc23bcaf78e71a33c4a89b6754dd90d1be2f318e978c918b", size = 748490, upload-time = "2026-04-22T20:58:52.749Z" },
    { url = "https://files.pythonhosted.org/packages/03/0f/ac77ffa996a56be3d5c8f85734a007f8347240691657f9704e7de2527fa3/pyinstaller-6.20.0-py3-none-musllinux_1_1_aarch64.whl", hash = "sha256:6357f1699f6af84f37e7367f031d4f68abdba65543b83990c9e8f5a4cebed0b7", size = 747650, upload-time = "2026-04-22T20:58:57.093Z" },
    { url = "https://files.pythonhosted.org/packages/e0/56/1ee91c3a2bc10ca1f36da10a6fd55ff7efc4dec367171eb25992a827874f/pyinstaller-6.20.0-py3-none-musllinux_1_1_x86_64.whl", hash = "sha256:0ab39c690abad26ba148e8f664f0478acc82a733997f4f22e757774832802da9", size = 747413, upload-time = "2026-04-22T20:59:01.174Z" },
    { url = "https://files.pythonhosted.org/packages/d7/55/ae264339996953c4cdf9d89d916a0a8fa26a83cf917a742fff8b9d5f3fe8/pyinstaller-6.20.0-py3-none-win32.whl", hash = "sha256:9a7637e8e44b4387b13667fdcaac86ab6b29c446c16d34d8401539b81838759c", size = 1331584, upload-time = "2026-04-22T20:59:07.201Z" },
    { url = "https://files.pythonhosted.org/packages/76/8c/300f57578882cce259bfb5ae56fda3b69caa3fe9df40a176c719920ea6e2/pyinstaller-6.20.0-py3-none-win_amd64.whl", hash = "sha256:d588844e890ee80c4365867f98146636e1849bbca8e4284bbf0c809aff0f161a", size = 1391851, upload-time = "2026-04-22T20:59:14.024Z" },
    { url = "https://files.pythonhosted.org/packages/8a/ea/b2f8e1642aecda78c0b75c7321f708e49e10bb3c00dd4f148c40761a1527/pyinstaller-6.20.0-py3-none-win_arm64.whl", hash = "sha256:bd53282c0a73e5c95573e1ddc8e5d564d4932bec91efbaed4dc5fdff9c2ae7f2", size = 1332259, upload-time = "2026-04-22T20:59:20.509Z" },
]

[[package]]
name = "pyinstaller-hooks-contrib"
version = "2026.5"
source = { registry = "https://pypi.org/simple" }
dependencies = [
    { name = "packaging" },
    { name = "setuptools" },
]
sdist = { url = "https://files.pythonhosted.org/packages/1a/67/f4452d68793fb15beba4f19ef39a38a8822f0da7452b503c400d5a21f5c1/pyinstaller_hooks_contrib-2026.5.tar.gz", hash = "sha256:f066dfca8f7c45ff6336c9cf9fe25b4e48bfeb322a1aa24faaedfb8a8d1b0b08", size = 173689, upload-time = "2026-05-04T22:36:55.124Z" }
wheels = [
    { url = "https://files.pythonhosted.org/packages/f6/5c/fd465d11da4d12b50d7eb5d2ee2ceb780d8d049dbb489f3828d131e387af/pyinstaller_hooks_contrib-2026.5-py3-none-any.whl", hash = "sha256:ea1535783fbdac4626351709e83f3ea80b681d3a4745763ebb407b5e27342eb9", size = 457314, upload-time = "2026-05-04T22:36:53.598Z" },
]

[[package]]
name = "pywin32-ctypes"
version = "0.2.3"
source = { registry = "https://pypi.org/simple" }
sdist = { url = "https://files.pythonhosted.org/packages/85/9f/01a1a99704853cb63f253eea009390c88e7131c67e66a0a02099a8c917cb/pywin32-ctypes-0.2.3.tar.gz", hash = "sha256:d162dc04946d704503b2edc4d55f3dba5c1d539ead017afa00142c38b9885755", size = 29471, upload-time = "2024-08-14T10:15:34.626Z" }
wheels = [
    { url = "https://files.pythonhosted.org/packages/de/3d/8161f7711c017e01ac9f008dfddd9410dff3674334c233bde66e7ba65bbf/pywin32_ctypes-0.2.3-py3-none-any.whl", hash = "sha256:8a1513379d709975552d202d942d9837758905c8d01eb82b8bcc30918929e7b8", size = 30756, upload-time = "2024-08-14T10:15:33.187Z" },
]

[[package]]
name = "setuptools"
version = "82.0.1"
source = { registry = "https://pypi.org/simple" }
sdist = { url = "https://files.pythonhosted.org/packages/4f/db/cfac1baf10650ab4d1c111714410d2fbb77ac5a616db26775db562c8fab2/setuptools-82.0.1.tar.gz", hash = "sha256:7d872682c5d01cfde07da7bccc7b65469d3dca203318515ada1de5eda35efbf9", size = 1152316, upload-time = "2026-03-09T12:47:17.221Z" }
wheels = [
    { url = "https://files.pythonhosted.org/packages/9d/76/f789f7a86709c6b087c5a2f52f911838cad707cc613162401badc665acfe/setuptools-82.0.1-py3-none-any.whl", hash = "sha256:a59e362652f08dcd477c78bb6e7bd9d80a7995bc73ce773050228a348ce2e5bb", size = 1006223, upload-time = "2026-03-09T12:47:15.026Z" },
]

[[package]]
name = "tqdm"
version = "4.67.3"
source = { registry = "https://pypi.org/simple" }
dependencies = [
    { name = "colorama", marker = "sys_platform == 'win32'" },
]
sdist = { url = "https://files.pythonhosted.org/packages/09/a9/6ba95a270c6f1fbcd8dac228323f2777d886cb206987444e4bce66338dd4/tqdm-4.67.3.tar.gz", hash = "sha256:7d825f03f89244ef73f1d4ce193cb1774a8179fd96f31d7e1dcde62092b960bb", size = 169598, upload-time = "2026-02-03T17:35:53.048Z" }
wheels = [
    { url = "https://files.pythonhosted.org/packages/16/e1/3079a9ff9b8e11b846c6ac5c8b5bfb7ff225eee721825310c91b3b50304f/tqdm-4.67.3-py3-none-any.whl", hash = "sha256:ee1e4c0e59148062281c49d80b25b67771a127c85fc9676d3be5f243206826bf", size = 78374, upload-time = "2026-02-03T17:35:50.982Z" },
]

[[package]]
name = "video-stabilizer"
version = "0.1.0"
source = { editable = "." }
dependencies = [
    { name = "av" },
    { name = "numexpr" },
    { name = "numpy" },
    { name = "opencv-python" },
    { name = "tqdm" },
]

[package.optional-dependencies]
build = [
    { name = "pyinstaller" },
]

[package.metadata]
requires-dist = [
    { name = "av", specifier = ">=17.0.1" },
    { name = "numexpr", specifier = ">=2.14.1" },
    { name = "numpy", specifier = ">=1.26.0" },
    { name = "opencv-python", specifier = ">=4.13.0.92" },
    { name = "pyinstaller", marker = "extra == 'build'", specifier = ">=6.10" },
    { name = "tqdm", specifier = ">=4.67.3" },
]
provides-extras = ["build"]
